# THIS IS AN AUTOGENERATED FILE. DO NOT EDIT THIS FILE DIRECTLY.
# yarn lockfile v1


"@adraffy/ens-normalize@^1.10.1":
  version "1.11.0"

"@adraffy/ens-normalize@1.10.0":
  version "1.10.0"

"@ampproject/remapping@^2.3.0":
  version "2.3.0"
  dependencies:
    "@jridgewell/gen-mapping" "^0.3.5"
    "@jridgewell/trace-mapping" "^0.3.24"

"@babel/helper-string-parser@^7.25.9":
  version "7.25.9"

"@babel/helper-validator-identifier@^7.25.9":
  version "7.25.9"

"@babel/parser@^7.25.4":
  version "7.26.2"
  dependencies:
    "@babel/types" "^7.26.0"

"@babel/types@^7.25.4", "@babel/types@^7.26.0":
  version "7.26.0"
  dependencies:
    "@babel/helper-string-parser" "^7.25.9"
    "@babel/helper-validator-identifier" "^7.25.9"

"@bcoe/v8-coverage@^0.2.3":
  version "0.2.3"

"@esbuild/darwin-arm64@0.21.5":
  version "0.21.5"

"@fastify/busboy@^2.0.0":
  version "2.1.1"

"@grpc/grpc-js@^1.10.10", "@grpc/grpc-js@^1.6.0":
  version "1.12.2"
  dependencies:
    "@grpc/proto-loader" "^0.7.13"
    "@js-sdsl/ordered-map" "^4.4.2"

"@grpc/proto-loader@^0.7.13":
  version "0.7.13"
  dependencies:
    lodash.camelcase "^4.3.0"
    long "^5.0.0"
    protobufjs "^7.2.5"
    yargs "^17.7.2"

"@isaacs/cliui@^8.0.2":
  version "8.0.2"
  dependencies:
    string-width "^5.1.2"
    string-width-cjs "npm:string-width@^4.2.0"
    strip-ansi "^7.0.1"
    strip-ansi-cjs "npm:strip-ansi@^6.0.1"
    wrap-ansi "^8.1.0"
    wrap-ansi-cjs "npm:wrap-ansi@^7.0.0"

"@istanbuljs/schema@^0.1.2":
  version "0.1.3"

"@jridgewell/gen-mapping@^0.3.5":
  version "0.3.5"
  dependencies:
    "@jridgewell/set-array" "^1.2.1"
    "@jridgewell/sourcemap-codec" "^1.4.10"
    "@jridgewell/trace-mapping" "^0.3.24"

"@jridgewell/resolve-uri@^3.1.0":
  version "3.1.2"

"@jridgewell/set-array@^1.2.1":
  version "1.2.1"

"@jridgewell/sourcemap-codec@^1.4.10", "@jridgewell/sourcemap-codec@^1.4.14", "@jridgewell/sourcemap-codec@^1.5.0":
  version "1.5.0"

"@jridgewell/trace-mapping@^0.3.23", "@jridgewell/trace-mapping@^0.3.24":
  version "0.3.25"
  dependencies:
    "@jridgewell/resolve-uri" "^3.1.0"
    "@jridgewell/sourcemap-codec" "^1.4.14"

"@js-sdsl/ordered-map@^4.4.2":
  version "4.4.2"

"@noble/curves@^1.4.0", "@noble/curves@^1.6.0", "@noble/curves@~1.6.0", "@noble/curves@1.6.0":
  version "1.6.0"
  dependencies:
    "@noble/hashes" "1.5.0"

"@noble/curves@~1.2.0", "@noble/curves@1.2.0":
  version "1.2.0"
  dependencies:
    "@noble/hashes" "1.3.2"

"@noble/hashes@^1.4.0", "@noble/hashes@^1.5.0", "@noble/hashes@~1.5.0", "@noble/hashes@1.5.0":
  version "1.5.0"

"@noble/hashes@~1.3.0":
  version "1.3.3"

"@noble/hashes@~1.3.2":
  version "1.3.3"

"@noble/hashes@1.3.2":
  version "1.3.2"

"@noble/secp256k1@^1.7.1", "@noble/secp256k1@1.7.1":
  version "1.7.1"

"@pkgjs/parseargs@^0.11.0":
  version "0.11.0"

"@protobuf-ts/grpc-transport@^2.9.1":
  version "2.9.4"
  dependencies:
    "@protobuf-ts/runtime" "^2.9.4"
    "@protobuf-ts/runtime-rpc" "^2.9.4"

"@protobuf-ts/runtime-rpc@^2.9.1", "@protobuf-ts/runtime-rpc@^2.9.4":
  version "2.9.4"
  dependencies:
    "@protobuf-ts/runtime" "^2.9.4"

"@protobuf-ts/runtime@^2.9.1", "@protobuf-ts/runtime@^2.9.4":
  version "2.9.4"

"@protobufjs/aspromise@^1.1.1", "@protobufjs/aspromise@^1.1.2":
  version "1.1.2"

"@protobufjs/base64@^1.1.2":
  version "1.1.2"

"@protobufjs/codegen@^2.0.4":
  version "2.0.4"

"@protobufjs/eventemitter@^1.1.0":
  version "1.1.0"

"@protobufjs/fetch@^1.1.0":
  version "1.1.0"
  dependencies:
    "@protobufjs/aspromise" "^1.1.1"
    "@protobufjs/inquire" "^1.1.0"

"@protobufjs/float@^1.0.2":
  version "1.0.2"

"@protobufjs/inquire@^1.1.0":
  version "1.1.0"

"@protobufjs/path@^1.1.2":
  version "1.1.2"

"@protobufjs/pool@^1.1.0":
  version "1.1.0"

"@protobufjs/utf8@^1.1.0":
  version "1.1.0"

"@rollup/rollup-darwin-arm64@4.27.0":
  version "4.27.0"

"@scure/base@~1.1.0", "@scure/base@~1.1.2", "@scure/base@~1.1.7", "@scure/base@~1.1.8":
  version "1.1.9"

"@scure/bip32@^1.5.0", "@scure/bip32@1.5.0":
  version "1.5.0"
  dependencies:
    "@noble/curves" "~1.6.0"
    "@noble/hashes" "~1.5.0"
    "@scure/base" "~1.1.7"

"@scure/bip32@1.3.2":
  version "1.3.2"
  dependencies:
    "@noble/curves" "~1.2.0"
    "@noble/hashes" "~1.3.2"
    "@scure/base" "~1.1.2"

"@scure/bip39@^1.4.0", "@scure/bip39@1.4.0":
  version "1.4.0"
  dependencies:
    "@noble/hashes" "~1.5.0"
    "@scure/base" "~1.1.8"

"@scure/bip39@1.2.1":
  version "1.2.1"
  dependencies:
    "@noble/hashes" "~1.3.0"
    "@scure/base" "~1.1.0"

"@types/estree@^1.0.0", "@types/estree@1.0.6":
  version "1.0.6"

"@types/node-fetch@^2.6.4":
  version "2.6.12"
  dependencies:
    "@types/node" "*"
    form-data "^4.0.0"

"@types/node@*":
  version "22.9.0"
  dependencies:
    undici-types "~6.19.8"

"@types/node@^18.0.0 || >=20.0.0", "@types/node@^20.14.2":
  version "20.17.6"
  dependencies:
    undici-types "~6.19.2"

"@types/node@^18.11.18":
  version "18.19.64"
  dependencies:
    undici-types "~5.26.4"

"@types/node@>=13.7.0":
  version "22.9.0"
  dependencies:
    undici-types "~6.19.8"

"@vitest/coverage-v8@^2.1.4":
  version "2.1.5"
  dependencies:
    "@ampproject/remapping" "^2.3.0"
    "@bcoe/v8-coverage" "^0.2.3"
    debug "^4.3.7"
    istanbul-lib-coverage "^3.2.2"
    istanbul-lib-report "^3.0.1"
    istanbul-lib-source-maps "^5.0.6"
    istanbul-reports "^3.1.7"
    magic-string "^0.30.12"
    magicast "^0.3.5"
    std-env "^3.8.0"
    test-exclude "^7.0.1"
    tinyrainbow "^1.2.0"

"@vitest/expect@2.1.5":
  version "2.1.5"
  dependencies:
    "@vitest/spy" "2.1.5"
    "@vitest/utils" "2.1.5"
    chai "^5.1.2"
    tinyrainbow "^1.2.0"

"@vitest/mocker@2.1.5":
  version "2.1.5"
  dependencies:
    "@vitest/spy" "2.1.5"
    estree-walker "^3.0.3"
    magic-string "^0.30.12"

"@vitest/pretty-format@^2.1.5", "@vitest/pretty-format@2.1.5":
  version "2.1.5"
  dependencies:
    tinyrainbow "^1.2.0"

"@vitest/runner@2.1.5":
  version "2.1.5"
  dependencies:
    "@vitest/utils" "2.1.5"
    pathe "^1.1.2"

"@vitest/snapshot@2.1.5":
  version "2.1.5"
  dependencies:
    "@vitest/pretty-format" "2.1.5"
    magic-string "^0.30.12"
    pathe "^1.1.2"

"@vitest/spy@2.1.5":
  version "2.1.5"
  dependencies:
    tinyspy "^3.0.2"

"@vitest/utils@2.1.5":
  version "2.1.5"
  dependencies:
    "@vitest/pretty-format" "2.1.5"
    loupe "^3.1.2"
    tinyrainbow "^1.2.0"

"@xmtp/consent-proof-signature@^0.1.3":
  version "0.1.3"
  dependencies:
    "@xmtp/proto" "3.56.0"
    long "^5.2.3"

"@xmtp/content-type-group-updated@^1.0.0":
  version "1.0.0"
  dependencies:
    "@xmtp/content-type-primitives" "^1.0.1"
    "@xmtp/proto" "^3.71.0"

"@xmtp/content-type-primitives@^1.0.1", "@xmtp/content-type-primitives@^1.0.2":
  version "1.0.2"
  dependencies:
    "@xmtp/proto" "^3.61.1"

"@xmtp/content-type-reaction@^1.1.10":
  version "1.1.10"
  dependencies:
    "@xmtp/content-type-primitives" "^1.0.2"

"@xmtp/content-type-remote-attachment@1.1.11":
  version "1.1.11"
  dependencies:
    "@noble/secp256k1" "^1.7.1"
    "@xmtp/content-type-primitives" "^1.0.2"
    "@xmtp/proto" "^3.61.1"

"@xmtp/content-type-reply@^1.1.11":
  version "1.1.11"
  dependencies:
    "@xmtp/content-type-primitives" "^1.0.1"
    "@xmtp/proto" "^3.61.1"

"@xmtp/content-type-text@^1.0.0":
  version "1.0.0"
  dependencies:
    "@xmtp/content-type-primitives" "^1.0.1"

"@xmtp/grpc-api-client@^0.2.8":
  version "0.2.8"
  dependencies:
    "@grpc/grpc-js" "^1.10.10"
    "@protobuf-ts/grpc-transport" "^2.9.1"
    "@protobuf-ts/runtime" "^2.9.1"
    "@protobuf-ts/runtime-rpc" "^2.9.1"
    "@xmtp/proto" "^3.61.1"
    "@xmtp/xmtp-js" "^13.0.3"
    pino "^8.18.0"

"@xmtp/message-kit@1.1.8-beta.3":
  version "1.1.8-beta.3"
  dependencies:
    "@types/node" "^20.14.2"
    "@vitest/coverage-v8" "^2.1.4"
    "@xmtp/content-type-primitives" "^1.0.2"
    "@xmtp/content-type-reaction" "^1.1.10"
    "@xmtp/content-type-remote-attachment" "1.1.11"
    "@xmtp/content-type-reply" "^1.1.11"
    "@xmtp/content-type-text" "^1.0.0"
    "@xmtp/grpc-api-client" "^0.2.8"
    "@xmtp/node-sdk" "^0.0.22"
    "@xmtp/xmtp-js" "^13.0.3"
    dotenv "^16.4.5"
    openai "^4.52.7"
    typescript "^5.4.5"
    viem "^2.16.3"
    vitest "^2.1.4"

"@xmtp/node-bindings@^0.0.17":
  version "0.0.17"

"@xmtp/node-sdk@^0.0.22":
  version "0.0.22"
  dependencies:
    "@xmtp/content-type-group-updated" "^1.0.0"
    "@xmtp/content-type-primitives" "^1.0.2"
    "@xmtp/content-type-text" "^1.0.0"
    "@xmtp/node-bindings" "^0.0.17"
    "@xmtp/proto" "^3.62.1"

"@xmtp/proto@^3.61.1", "@xmtp/proto@^3.62.1", "@xmtp/proto@^3.68.0", "@xmtp/proto@^3.71.0":
  version "3.72.0"
  dependencies:
    long "^5.2.0"
    protobufjs "^7.0.0"
    rxjs "^7.8.0"
    undici "^5.8.1"

"@xmtp/proto@3.56.0":
  version "3.56.0"
  dependencies:
    long "^5.2.0"
    protobufjs "^7.0.0"
    rxjs "^7.8.0"
    undici "^5.8.1"

"@xmtp/user-preferences-bindings-wasm@^0.3.6":
  version "0.3.6"

"@xmtp/xmtp-js@^13.0.3":
  version "13.0.3"
  dependencies:
    "@noble/secp256k1" "1.7.1"
    "@xmtp/consent-proof-signature" "^0.1.3"
    "@xmtp/content-type-primitives" "^1.0.1"
    "@xmtp/content-type-text" "^1.0.0"
    "@xmtp/proto" "^3.68.0"
    "@xmtp/user-preferences-bindings-wasm" "^0.3.6"
    async-mutex "^0.5.0"
    elliptic "^6.5.7"
    long "^5.2.3"
    viem "2.7.15"

abitype@^1.0.6, abitype@1.0.6:
  version "1.0.6"

abitype@1.0.0:
  version "1.0.0"

abort-controller@^3.0.0:
  version "3.0.0"
  dependencies:
    event-target-shim "^5.0.0"

agentkeepalive@^4.2.1:
  version "4.5.0"
  dependencies:
    humanize-ms "^1.2.1"

ansi-regex@^5.0.1:
  version "5.0.1"

ansi-regex@^6.0.1:
  version "6.1.0"

ansi-styles@^4.0.0:
  version "4.3.0"
  dependencies:
    color-convert "^2.0.1"

ansi-styles@^6.1.0:
  version "6.2.1"

assertion-error@^2.0.1:
  version "2.0.1"

async-mutex@^0.5.0:
  version "0.5.0"
  dependencies:
    tslib "^2.4.0"

asynckit@^0.4.0:
  version "0.4.0"

atomic-sleep@^1.0.0:
  version "1.0.0"

axios@^1.7.7:
  version "1.7.7"
  resolved "https://registry.npmjs.org/axios/-/axios-1.7.7.tgz"
  integrity sha512-S4kL7XrjgBmvdGut0sN3yJxqYzrDOnivkBiN0OFs6hLiUam3UPvswUo0kqGyhqUZGEOytHyumEdXsAkgCOUf3Q==
  dependencies:
    follow-redirects "^1.15.6"
    form-data "^4.0.0"
    proxy-from-env "^1.1.0"

balanced-match@^1.0.0:
  version "1.0.2"

base64-js@^1.3.1:
  version "1.5.1"

bn.js@^4.11.9:
  version "4.12.1"

brace-expansion@^2.0.1:
  version "2.0.1"
  dependencies:
    balanced-match "^1.0.0"

brorand@^1.1.0:
  version "1.1.0"

buffer@^6.0.3:
  version "6.0.3"
  dependencies:
    base64-js "^1.3.1"
    ieee754 "^1.2.1"

cac@^6.7.14:
  version "6.7.14"

chai@^5.1.2:
  version "5.1.2"
  dependencies:
    assertion-error "^2.0.1"
    check-error "^2.1.1"
    deep-eql "^5.0.1"
    loupe "^3.1.0"
    pathval "^2.0.0"

check-error@^2.1.1:
  version "2.1.1"

cliui@^8.0.1:
  version "8.0.1"
  dependencies:
    string-width "^4.2.0"
    strip-ansi "^6.0.1"
    wrap-ansi "^7.0.0"

color-convert@^2.0.1:
  version "2.0.1"
  dependencies:
    color-name "~1.1.4"

color-name@~1.1.4:
  version "1.1.4"

combined-stream@^1.0.8:
  version "1.0.8"
  dependencies:
    delayed-stream "~1.0.0"

cross-spawn@^7.0.0:
  version "7.0.5"
  dependencies:
    path-key "^3.1.0"
    shebang-command "^2.0.0"
    which "^2.0.1"

debug@^4.1.1, debug@^4.3.7:
  version "4.3.7"
  dependencies:
    ms "^2.1.3"

deep-eql@^5.0.1:
  version "5.0.2"

delayed-stream@~1.0.0:
  version "1.0.0"

dotenv@^16.4.5:
  version "16.4.5"

eastasianwidth@^0.2.0:
  version "0.2.0"

elliptic@^6.5.7:
  version "6.6.1"
  dependencies:
    bn.js "^4.11.9"
    brorand "^1.1.0"
    hash.js "^1.0.0"
    hmac-drbg "^1.0.1"
    inherits "^2.0.4"
    minimalistic-assert "^1.0.1"
    minimalistic-crypto-utils "^1.0.1"

emoji-regex@^8.0.0:
  version "8.0.0"

emoji-regex@^9.2.2:
  version "9.2.2"

encoding@^0.1.0:
  version "0.1.13"
  dependencies:
    iconv-lite "^0.6.2"

es-module-lexer@^1.5.4:
  version "1.5.4"

esbuild@^0.21.3:
  version "0.21.5"
  optionalDependencies:
    "@esbuild/aix-ppc64" "0.21.5"
    "@esbuild/android-arm" "0.21.5"
    "@esbuild/android-arm64" "0.21.5"
    "@esbuild/android-x64" "0.21.5"
    "@esbuild/darwin-arm64" "0.21.5"
    "@esbuild/darwin-x64" "0.21.5"
    "@esbuild/freebsd-arm64" "0.21.5"
    "@esbuild/freebsd-x64" "0.21.5"
    "@esbuild/linux-arm" "0.21.5"
    "@esbuild/linux-arm64" "0.21.5"
    "@esbuild/linux-ia32" "0.21.5"
    "@esbuild/linux-loong64" "0.21.5"
    "@esbuild/linux-mips64el" "0.21.5"
    "@esbuild/linux-ppc64" "0.21.5"
    "@esbuild/linux-riscv64" "0.21.5"
    "@esbuild/linux-s390x" "0.21.5"
    "@esbuild/linux-x64" "0.21.5"
    "@esbuild/netbsd-x64" "0.21.5"
    "@esbuild/openbsd-x64" "0.21.5"
    "@esbuild/sunos-x64" "0.21.5"
    "@esbuild/win32-arm64" "0.21.5"
    "@esbuild/win32-ia32" "0.21.5"
    "@esbuild/win32-x64" "0.21.5"

escalade@^3.1.1:
  version "3.2.0"

estree-walker@^3.0.3:
  version "3.0.3"
  dependencies:
    "@types/estree" "^1.0.0"

event-target-shim@^5.0.0:
  version "5.0.1"

eventemitter3@5.0.1:
  version "5.0.1"

events@^3.3.0:
  version "3.3.0"

expect-type@^1.1.0:
  version "1.1.0"

fast-redact@^3.1.1:
  version "3.5.0"

follow-redirects@^1.15.6:
  version "1.15.9"
  resolved "https://registry.npmjs.org/follow-redirects/-/follow-redirects-1.15.9.tgz"
  integrity sha512-gew4GsXizNgdoRyqmyfMHyAmXsZDk6mHkSxZFCzW9gwlbtOW44CDtYavM+y+72qD/Vq2l550kMF52DT8fOLJqQ==

foreground-child@^3.1.0:
  version "3.3.0"
  dependencies:
    cross-spawn "^7.0.0"
    signal-exit "^4.0.1"

form-data-encoder@1.7.2:
  version "1.7.2"

form-data@^4.0.0:
  version "4.0.1"
  dependencies:
    asynckit "^0.4.0"
    combined-stream "^1.0.8"
    mime-types "^2.1.12"

formdata-node@^4.3.2:
  version "4.4.1"
  dependencies:
    node-domexception "1.0.0"
    web-streams-polyfill "4.0.0-beta.3"

fsevents@~2.3.2, fsevents@~2.3.3:
  version "2.3.3"

get-caller-file@^2.0.5:
  version "2.0.5"

glob@^10.4.1:
  version "10.4.5"
  dependencies:
    foreground-child "^3.1.0"
    jackspeak "^3.1.2"
    minimatch "^9.0.4"
    minipass "^7.1.2"
    package-json-from-dist "^1.0.0"
    path-scurry "^1.11.1"

has-flag@^4.0.0:
  version "4.0.0"

hash.js@^1.0.0, hash.js@^1.0.3:
  version "1.1.7"
  dependencies:
    inherits "^2.0.3"
    minimalistic-assert "^1.0.1"

hmac-drbg@^1.0.1:
  version "1.0.1"
  dependencies:
    hash.js "^1.0.3"
    minimalistic-assert "^1.0.0"
    minimalistic-crypto-utils "^1.0.1"

html-escaper@^2.0.0:
  version "2.0.2"

humanize-ms@^1.2.1:
  version "1.2.1"
  dependencies:
    ms "^2.0.0"

iconv-lite@^0.6.2:
  version "0.6.3"
  dependencies:
    safer-buffer ">= 2.1.2 < 3.0.0"

ieee754@^1.2.1:
  version "1.2.1"

inherits@^2.0.3, inherits@^2.0.4:
  version "2.0.4"

is-fullwidth-code-point@^3.0.0:
  version "3.0.0"

isexe@^2.0.0:
  version "2.0.0"

isows@1.0.3:
  version "1.0.3"

isows@1.0.6:
  version "1.0.6"

istanbul-lib-coverage@^3.0.0, istanbul-lib-coverage@^3.2.2:
  version "3.2.2"

istanbul-lib-report@^3.0.0, istanbul-lib-report@^3.0.1:
  version "3.0.1"
  dependencies:
    istanbul-lib-coverage "^3.0.0"
    make-dir "^4.0.0"
    supports-color "^7.1.0"

istanbul-lib-source-maps@^5.0.6:
  version "5.0.6"
  dependencies:
    "@jridgewell/trace-mapping" "^0.3.23"
    debug "^4.1.1"
    istanbul-lib-coverage "^3.0.0"

istanbul-reports@^3.1.7:
  version "3.1.7"
  dependencies:
    html-escaper "^2.0.0"
    istanbul-lib-report "^3.0.0"

jackspeak@^3.1.2:
  version "3.4.3"
  dependencies:
    "@isaacs/cliui" "^8.0.2"
  optionalDependencies:
    "@pkgjs/parseargs" "^0.11.0"

lodash.camelcase@^4.3.0:
  version "4.3.0"

long@^5.0.0, long@^5.2.0, long@^5.2.3:
  version "5.2.3"

loupe@^3.1.0, loupe@^3.1.2:
  version "3.1.2"

lru-cache@^10.2.0:
  version "10.4.3"

magic-string@^0.30.12:
  version "0.30.12"
  dependencies:
    "@jridgewell/sourcemap-codec" "^1.5.0"

magicast@^0.3.5:
  version "0.3.5"
  dependencies:
    "@babel/parser" "^7.25.4"
    "@babel/types" "^7.25.4"
    source-map-js "^1.2.0"

make-dir@^4.0.0:
  version "4.0.0"
  dependencies:
    semver "^7.5.3"

mime-db@1.52.0:
  version "1.52.0"

mime-types@^2.1.12:
  version "2.1.35"
  dependencies:
    mime-db "1.52.0"

minimalistic-assert@^1.0.0, minimalistic-assert@^1.0.1:
  version "1.0.1"

minimalistic-crypto-utils@^1.0.1:
  version "1.0.1"

minimatch@^9.0.4:
  version "9.0.5"
  dependencies:
    brace-expansion "^2.0.1"

"minipass@^5.0.0 || ^6.0.2 || ^7.0.0", minipass@^7.1.2:
  version "7.1.2"

ms@^2.0.0, ms@^2.1.3:
  version "2.1.3"

nanoid@^3.3.7:
  version "3.3.7"

node-domexception@1.0.0:
  version "1.0.0"

node-fetch@^2.6.7:
  version "2.7.0"
  dependencies:
    whatwg-url "^5.0.0"

on-exit-leak-free@^2.1.0:
  version "2.1.2"

openai@^4.52.7:
  version "4.72.0"
  dependencies:
    "@types/node" "^18.11.18"
    "@types/node-fetch" "^2.6.4"
    abort-controller "^3.0.0"
    agentkeepalive "^4.2.1"
    form-data-encoder "1.7.2"
    formdata-node "^4.3.2"
    node-fetch "^2.6.7"

ox@0.1.2:
  version "0.1.2"
  dependencies:
    "@adraffy/ens-normalize" "^1.10.1"
    "@noble/curves" "^1.6.0"
    "@noble/hashes" "^1.5.0"
    "@scure/bip32" "^1.5.0"
    "@scure/bip39" "^1.4.0"
    abitype "^1.0.6"
    eventemitter3 "5.0.1"

package-json-from-dist@^1.0.0:
  version "1.0.1"

path-key@^3.1.0:
  version "3.1.1"

path-scurry@^1.11.1:
  version "1.11.1"
  dependencies:
    lru-cache "^10.2.0"
    minipass "^5.0.0 || ^6.0.2 || ^7.0.0"

pathe@^1.1.2:
  version "1.1.2"

pathval@^2.0.0:
  version "2.0.0"

picocolors@^1.1.1:
  version "1.1.1"

pino-abstract-transport@^1.2.0:
  version "1.2.0"
  dependencies:
    readable-stream "^4.0.0"
    split2 "^4.0.0"

pino-std-serializers@^6.0.0:
  version "6.2.2"

pino@^8.18.0:
  version "8.21.0"
  dependencies:
    atomic-sleep "^1.0.0"
    fast-redact "^3.1.1"
    on-exit-leak-free "^2.1.0"
    pino-abstract-transport "^1.2.0"
    pino-std-serializers "^6.0.0"
    process-warning "^3.0.0"
    quick-format-unescaped "^4.0.3"
    real-require "^0.2.0"
    safe-stable-stringify "^2.3.1"
    sonic-boom "^3.7.0"
    thread-stream "^2.6.0"

postcss@^8.4.43:
  version "8.4.49"
  dependencies:
    nanoid "^3.3.7"
    picocolors "^1.1.1"
    source-map-js "^1.2.1"

process-warning@^3.0.0:
  version "3.0.0"

process@^0.11.10:
  version "0.11.10"

protobufjs@^7.0.0, protobufjs@^7.2.5:
  version "7.4.0"
  dependencies:
    "@protobufjs/aspromise" "^1.1.2"
    "@protobufjs/base64" "^1.1.2"
    "@protobufjs/codegen" "^2.0.4"
    "@protobufjs/eventemitter" "^1.1.0"
    "@protobufjs/fetch" "^1.1.0"
    "@protobufjs/float" "^1.0.2"
    "@protobufjs/inquire" "^1.1.0"
    "@protobufjs/path" "^1.1.2"
    "@protobufjs/pool" "^1.1.0"
    "@protobufjs/utf8" "^1.1.0"
    "@types/node" ">=13.7.0"
    long "^5.0.0"

proxy-from-env@^1.1.0:
  version "1.1.0"
  resolved "https://registry.npmjs.org/proxy-from-env/-/proxy-from-env-1.1.0.tgz"
  integrity sha512-D+zkORCbA9f1tdWRK0RaCR3GPv50cMxcrz4X8k5LTSUD1Dkw47mKJEZQNunItRTkWwgtaUSo1RVFRIG9ZXiFYg==

quick-format-unescaped@^4.0.3:
  version "4.0.4"

readable-stream@^4.0.0:
  version "4.5.2"
  dependencies:
    abort-controller "^3.0.0"
    buffer "^6.0.3"
    events "^3.3.0"
    process "^0.11.10"
    string_decoder "^1.3.0"

real-require@^0.2.0:
  version "0.2.0"

require-directory@^2.1.1:
  version "2.1.1"

rollup@^4.20.0:
  version "4.27.0"
  dependencies:
    "@types/estree" "1.0.6"
  optionalDependencies:
    "@rollup/rollup-android-arm-eabi" "4.27.0"
    "@rollup/rollup-android-arm64" "4.27.0"
    "@rollup/rollup-darwin-arm64" "4.27.0"
    "@rollup/rollup-darwin-x64" "4.27.0"
    "@rollup/rollup-freebsd-arm64" "4.27.0"
    "@rollup/rollup-freebsd-x64" "4.27.0"
    "@rollup/rollup-linux-arm-gnueabihf" "4.27.0"
    "@rollup/rollup-linux-arm-musleabihf" "4.27.0"
    "@rollup/rollup-linux-arm64-gnu" "4.27.0"
    "@rollup/rollup-linux-arm64-musl" "4.27.0"
    "@rollup/rollup-linux-powerpc64le-gnu" "4.27.0"
    "@rollup/rollup-linux-riscv64-gnu" "4.27.0"
    "@rollup/rollup-linux-s390x-gnu" "4.27.0"
    "@rollup/rollup-linux-x64-gnu" "4.27.0"
    "@rollup/rollup-linux-x64-musl" "4.27.0"
    "@rollup/rollup-win32-arm64-msvc" "4.27.0"
    "@rollup/rollup-win32-ia32-msvc" "4.27.0"
    "@rollup/rollup-win32-x64-msvc" "4.27.0"
    fsevents "~2.3.2"

rxjs@^7.8.0:
  version "7.8.1"
  dependencies:
    tslib "^2.1.0"

safe-buffer@~5.2.0:
  version "5.2.1"

safe-stable-stringify@^2.3.1:
  version "2.5.0"

"safer-buffer@>= 2.1.2 < 3.0.0":
  version "2.1.2"

semver@^7.5.3:
  version "7.6.3"

shebang-command@^2.0.0:
  version "2.0.0"
  dependencies:
    shebang-regex "^3.0.0"

shebang-regex@^3.0.0:
  version "3.0.0"

siginfo@^2.0.0:
  version "2.0.0"

signal-exit@^4.0.1:
  version "4.1.0"

sonic-boom@^3.7.0:
  version "3.8.1"
  dependencies:
    atomic-sleep "^1.0.0"

source-map-js@^1.2.0, source-map-js@^1.2.1:
  version "1.2.1"

split2@^4.0.0:
  version "4.2.0"

stackback@0.0.2:
  version "0.0.2"

std-env@^3.8.0:
  version "3.8.0"

string_decoder@^1.3.0:
  version "1.3.0"
  dependencies:
    safe-buffer "~5.2.0"

"string-width-cjs@npm:string-width@^4.2.0":
  version "4.2.3"
  dependencies:
    emoji-regex "^8.0.0"
    is-fullwidth-code-point "^3.0.0"
    strip-ansi "^6.0.1"

string-width@^4.1.0, string-width@^4.2.0, string-width@^4.2.3:
  version "4.2.3"
  dependencies:
    emoji-regex "^8.0.0"
    is-fullwidth-code-point "^3.0.0"
    strip-ansi "^6.0.1"

string-width@^5.0.1, string-width@^5.1.2:
  version "5.1.2"
  dependencies:
    eastasianwidth "^0.2.0"
    emoji-regex "^9.2.2"
    strip-ansi "^7.0.1"

"strip-ansi-cjs@npm:strip-ansi@^6.0.1":
  version "6.0.1"
  dependencies:
    ansi-regex "^5.0.1"

strip-ansi@^6.0.0, strip-ansi@^6.0.1:
  version "6.0.1"
  dependencies:
    ansi-regex "^5.0.1"

strip-ansi@^7.0.1:
  version "7.1.0"
  dependencies:
    ansi-regex "^6.0.1"

supports-color@^7.1.0:
  version "7.2.0"
  dependencies:
    has-flag "^4.0.0"

test-exclude@^7.0.1:
  version "7.0.1"
  dependencies:
    "@istanbuljs/schema" "^0.1.2"
    glob "^10.4.1"
    minimatch "^9.0.4"

thread-stream@^2.6.0:
  version "2.7.0"
  dependencies:
    real-require "^0.2.0"

tinybench@^2.9.0:
  version "2.9.0"

tinyexec@^0.3.1:
  version "0.3.1"

tinypool@^1.0.1:
  version "1.0.2"

tinyrainbow@^1.2.0:
  version "1.2.0"

tinyspy@^3.0.2:
  version "3.0.2"

tr46@~0.0.3:
  version "0.0.3"

tslib@^2.1.0, tslib@^2.4.0:
  version "2.8.1"

typescript@^5.4.5, typescript@^5.6.3, typescript@>=5.0.4, typescript@>=5.4.0:
  version "5.6.3"
  resolved "https://registry.npmjs.org/typescript/-/typescript-5.6.3.tgz"
  integrity sha512-hjcS1mhfuyi4WW8IWtjP7brDrG2cuDZukyrYrSauoXGNgx0S7zceP07adYkJycEr56BOUTNPzbInooiN3fn1qw==

undici-types@~5.26.4:
  version "5.26.5"

undici-types@~6.19.2, undici-types@~6.19.8:
  version "6.19.8"

undici@^5.8.1:
  version "5.28.4"
  dependencies:
    "@fastify/busboy" "^2.0.0"

viem@^2.16.3:
  version "2.21.45"
  dependencies:
    "@noble/curves" "1.6.0"
    "@noble/hashes" "1.5.0"
    "@scure/bip32" "1.5.0"
    "@scure/bip39" "1.4.0"
    abitype "1.0.6"
    isows "1.0.6"
    ox "0.1.2"
    webauthn-p256 "0.0.10"
    ws "8.18.0"

viem@2.7.15:
  version "2.7.15"
  dependencies:
    "@adraffy/ens-normalize" "1.10.0"
    "@noble/curves" "1.2.0"
    "@noble/hashes" "1.3.2"
    "@scure/bip32" "1.3.2"
    "@scure/bip39" "1.2.1"
    abitype "1.0.0"
    isows "1.0.3"
    ws "8.13.0"

vite-node@2.1.5:
  version "2.1.5"
  dependencies:
    cac "^6.7.14"
    debug "^4.3.7"
    es-module-lexer "^1.5.4"
    pathe "^1.1.2"
    vite "^5.0.0"

vite@^5.0.0:
  version "5.4.11"
  dependencies:
    esbuild "^0.21.3"
    postcss "^8.4.43"
    rollup "^4.20.0"
  optionalDependencies:
    fsevents "~2.3.3"

vitest@^2.1.4, vitest@2.1.5:
  version "2.1.5"
  dependencies:
    "@vitest/expect" "2.1.5"
    "@vitest/mocker" "2.1.5"
    "@vitest/pretty-format" "^2.1.5"
    "@vitest/runner" "2.1.5"
    "@vitest/snapshot" "2.1.5"
    "@vitest/spy" "2.1.5"
    "@vitest/utils" "2.1.5"
    chai "^5.1.2"
    debug "^4.3.7"
    expect-type "^1.1.0"
    magic-string "^0.30.12"
    pathe "^1.1.2"
    std-env "^3.8.0"
    tinybench "^2.9.0"
    tinyexec "^0.3.1"
    tinypool "^1.0.1"
    tinyrainbow "^1.2.0"
    vite "^5.0.0"
    vite-node "2.1.5"
    why-is-node-running "^2.3.0"

web-streams-polyfill@4.0.0-beta.3:
  version "4.0.0-beta.3"

webauthn-p256@0.0.10:
  version "0.0.10"
  dependencies:
    "@noble/curves" "^1.4.0"
    "@noble/hashes" "^1.4.0"

webidl-conversions@^3.0.0:
  version "3.0.1"

whatwg-url@^5.0.0:
  version "5.0.0"
  dependencies:
    tr46 "~0.0.3"
    webidl-conversions "^3.0.0"

which@^2.0.1:
  version "2.0.2"
  dependencies:
    isexe "^2.0.0"

why-is-node-running@^2.3.0:
  version "2.3.0"
  dependencies:
    siginfo "^2.0.0"
    stackback "0.0.2"

"wrap-ansi-cjs@npm:wrap-ansi@^7.0.0":
  version "7.0.0"
  dependencies:
    ansi-styles "^4.0.0"
    string-width "^4.1.0"
    strip-ansi "^6.0.0"

wrap-ansi@^7.0.0:
  version "7.0.0"
  dependencies:
    ansi-styles "^4.0.0"
    string-width "^4.1.0"
    strip-ansi "^6.0.0"

wrap-ansi@^8.1.0:
  version "8.1.0"
  dependencies:
    ansi-styles "^6.1.0"
    string-width "^5.0.1"
    strip-ansi "^7.0.1"

ws@*, ws@8.13.0:
  version "8.13.0"

ws@8.18.0:
  version "8.18.0"

y18n@^5.0.5:
  version "5.0.8"

yargs-parser@^21.1.1:
  version "21.1.1"

yargs@^17.7.2:
  version "17.7.2"
  dependencies:
    cliui "^8.0.1"
    escalade "^3.1.1"
    get-caller-file "^2.0.5"
    require-directory "^2.1.1"
    string-width "^4.2.3"
    y18n "^5.0.5"
    yargs-parser "^21.1.1"
